// !$*UTF8*$!
{
	archiveVersion = 1;
	classes = {
	};
	objectVersion = 50;
	objects = {

/* Begin PBXBuildFile section */
		DD429F242543B590002F6DCA /* AppDelegate.swift in Sources */ = {isa = PBXBuildFile; fileRef = DD429F232543B590002F6DCA /* AppDelegate.swift */; };
		DD429F262543B590002F6DCA /* SceneDelegate.swift in Sources */ = {isa = PBXBuildFile; fileRef = DD429F252543B590002F6DCA /* SceneDelegate.swift */; };
		DD429F282543B590002F6DCA /* ViewController.swift in Sources */ = {isa = PBXBuildFile; fileRef = DD429F272543B590002F6DCA /* ViewController.swift */; };
		DD429F2B2543B590002F6DCA /* Main.storyboard in Resources */ = {isa = PBXBuildFile; fileRef = DD429F292543B590002F6DCA /* Main.storyboard */; };
		DD429F2D2543B593002F6DCA /* Assets.xcassets in Resources */ = {isa = PBXBuildFile; fileRef = DD429F2C2543B593002F6DCA /* Assets.xcassets */; };
		DD429F302543B593002F6DCA /* LaunchScreen.storyboard in Resources */ = {isa = PBXBuildFile; fileRef = DD429F2E2543B593002F6DCA /* LaunchScreen.storyboard */; };
		DD429F3B2543B593002F6DCA /* ParstagramTests.swift in Sources */ = {isa = PBXBuildFile; fileRef = DD429F3A2543B593002F6DCA /* ParstagramTests.swift */; };
		DD429F462543B593002F6DCA /* ParstagramUITests.swift in Sources */ = {isa = PBXBuildFile; fileRef = DD429F452543B593002F6DCA /* ParstagramUITests.swift */; };
/* End PBXBuildFile section */

/* Begin PBXContainerItemProxy section */
		DD429F372543B593002F6DCA /* PBXContainerItemProxy */ = {
			isa = PBXContainerItemProxy;
			containerPortal = DD429F182543B590002F6DCA /* Project object */;
			proxyType = 1;
			remoteGlobalIDString = DD429F1F2543B590002F6DCA;
			remoteInfo = Parstagram;
		};
		DD429F422543B593002F6DCA /* PBXContainerItemProxy */ = {
			isa = PBXContainerItemProxy;
			containerPortal = DD429F182543B590002F6DCA /* Project object */;
			proxyType = 1;
			remoteGlobalIDString = DD429F1F2543B590002F6DCA;
			remoteInfo = Parstagram;
		};
/* End PBXContainerItemProxy section */

/* Begin PBXFileReference section */
		DD429F202543B590002F6DCA /* Parstagram.app */ = {isa = PBXFileReference; explicitFileType = wrapper.application; includeInIndex = 0; path = Parstagram.app; sourceTree = BUILT_PRODUCTS_DIR; };
		DD429F232543B590002F6DCA /* AppDelegate.swift */ = {isa = PBXFileReference; lastKnownFileType = sourcecode.swift; path = AppDelegate.swift; sourceTree = "<group>"; };
		DD429F252543B590002F6DCA /* SceneDelegate.swift */ = {isa = PBXFileReference; lastKnownFileType = sourcecode.swift; path = SceneDelegate.swift; sourceTree = "<group>"; };
		DD429F272543B590002F6DCA /* ViewController.swift */ = {isa = PBXFileReference; lastKnownFileType = sourcecode.swift; path = ViewController.swift; sourceTree = "<group>"; };
		DD429F2A2543B590002F6DCA /* Base */ = {isa = PBXFileReference; lastKnownFileType = file.storyboard; name = Base; path = Base.lproj/Main.storyboard; sourceTree = "<group>"; };
		DD429F2C2543B593002F6DCA /* Assets.xcassets */ = {isa = PBXFileReference; lastKnownFileType = folder.assetcatalog; path = Assets.xcassets; sourceTree = "<group>"; };
		DD429F2F2543B593002F6DCA /* Base */ = {isa = PBXFileReference; lastKnownFileType = file.storyboard; name = Base; path = Base.lproj/LaunchScreen.storyboard; sourceTree = "<group>"; };
		DD429F312543B593002F6DCA /* Info.plist */ = {isa = PBXFileReference; lastKnownFileType = text.plist.xml; path = Info.plist; sourceTree = "<group>"; };
		DD429F362543B593002F6DCA /* ParstagramTests.xctest */ = {isa = PBXFileReference; explicitFileType = wrapper.cfbundle; includeInIndex = 0; path = ParstagramTests.xctest; sourceTree = BUILT_PRODUCTS_DIR; };
		DD429F3A2543B593002F6DCA /* ParstagramTests.swift */ = {isa = PBXFileReference; lastKnownFileType = sourcecode.swift; path = ParstagramTests.swift; sourceTree = "<group>"; };
		DD429F3C2543B593002F6DCA /* Info.plist */ = {isa = PBXFileReference; lastKnownFileType = text.plist.xml; path = Info.plist; sourceTree = "<group>"; };
		DD429F412543B593002F6DCA /* ParstagramUITests.xctest */ = {isa = PBXFileReference; explicitFileType = wrapper.cfbundle; includeInIndex = 0; path = ParstagramUITests.xctest; sourceTree = BUILT_PRODUCTS_DIR; };
		DD429F452543B593002F6DCA /* ParstagramUITests.swift */ = {isa = PBXFileReference; lastKnownFileType = sourcecode.swift; path = ParstagramUITests.swift; sourceTree = "<group>"; };
		DD429F472543B593002F6DCA /* Info.plist */ = {isa = PBXFileReference; lastKnownFileType = text.plist.xml; path = Info.plist; sourceTree = "<group>"; };
/* End PBXFileReference section */

/* Begin PBXFrameworksBuildPhase section */
		DD429F1D2543B590002F6DCA /* Frameworks */ = {
			isa = PBXFrameworksBuildPhase;
			buildActionMask = 2147483647;
			files = (
			);
			runOnlyForDeploymentPostprocessing = 0;
		};
		DD429F332543B593002F6DCA /* Frameworks */ = {
			isa = PBXFrameworksBuildPhase;
			buildActionMask = 2147483647;
			files = (
			);
			runOnlyForDeploymentPostprocessing = 0;
		};
		DD429F3E2543B593002F6DCA /* Frameworks */ = {
			isa = PBXFrameworksBuildPhase;
			buildActionMask = 2147483647;
			files = (
			);
			runOnlyForDeploymentPostprocessing = 0;
		};
/* End PBXFrameworksBuildPhase section */

/* Begin PBXGroup section */
		DD429F172543B590002F6DCA = {
			isa = PBXGroup;
			children = (
				DD429F222543B590002F6DCA /* Parstagram */,
				DD429F392543B593002F6DCA /* ParstagramTests */,
				DD429F442543B593002F6DCA /* ParstagramUITests */,
				DD429F212543B590002F6DCA /* Products */,
			);
			sourceTree = "<group>";
		};
		DD429F212543B590002F6DCA /* Products */ = {
			isa = PBXGroup;
			children = (
				DD429F202543B590002F6DCA /* Parstagram.app */,
				DD429F362543B593002F6DCA /* ParstagramTests.xctest */,
				DD429F412543B593002F6DCA /* ParstagramUITests.xctest */,
			);
			name = Products;
			sourceTree = "<group>";
		};
		DD429F222543B590002F6DCA /* Parstagram */ = {
			isa = PBXGroup;
			children = (
				DD429F232543B590002F6DCA /* AppDelegate.swift */,
				DD429F252543B590002F6DCA /* SceneDelegate.swift */,
				DD429F272543B590002F6DCA /* ViewController.swift */,
				DD429F292543B590002F6DCA /* Main.storyboard */,
				DD429F2C2543B593002F6DCA /* Assets.xcassets */,
				DD429F2E2543B593002F6DCA /* LaunchScreen.storyboard */,
				DD429F312543B593002F6DCA /* Info.plist */,
			);
			path = Parstagram;
			sourceTree = "<group>";
		};
		DD429F392543B593002F6DCA /* ParstagramTests */ = {
			isa = PBXGroup;
			children = (
				DD429F3A2543B593002F6DCA /* ParstagramTests.swift */,
				DD429F3C2543B593002F6DCA /* Info.plist */,
			);
			path = ParstagramTests;
			sourceTree = "<group>";
		};
		DD429F442543B593002F6DCA /* ParstagramUITests */ = {
			isa = PBXGroup;
			children = (
				DD429F452543B593002F6DCA /* ParstagramUITests.swift */,
				DD429F472543B593002F6DCA /* Info.plist */,
			);
			path = ParstagramUITests;
			sourceTree = "<group>";
		};
/* End PBXGroup section */

/* Begin PBXNativeTarget section */
		DD429F1F2543B590002F6DCA /* Parstagram */ = {
			isa = PBXNativeTarget;
			buildConfigurationList = DD429F4A2543B593002F6DCA /* Build configuration list for PBXNativeTarget "Parstagram" */;
			buildPhases = (
				DD429F1C2543B590002F6DCA /* Sources */,
				DD429F1D2543B590002F6DCA /* Frameworks */,
				DD429F1E2543B590002F6DCA /* Resources */,
			);
			buildRules = (
			);
			dependencies = (
			);
			name = Parstagram;
			productName = Parstagram;
			productReference = DD429F202543B590002F6DCA /* Parstagram.app */;
			productType = "com.apple.product-type.application";
		};
		DD429F352543B593002F6DCA /* ParstagramTests */ = {
			isa = PBXNativeTarget;
			buildConfigurationList = DD429F4D2543B593002F6DCA /* Build configuration list for PBXNativeTarget "ParstagramTests" */;
			buildPhases = (
				DD429F322543B593002F6DCA /* Sources */,
				DD429F332543B593002F6DCA /* Frameworks */,
				DD429F342543B593002F6DCA /* Resources */,
			);
			buildRules = (
			);
			dependencies = (
				DD429F382543B593002F6DCA /* PBXTargetDependency */,
			);
			name = ParstagramTests;
			productName = ParstagramTests;
			productReference = DD429F362543B593002F6DCA /* ParstagramTests.xctest */;
			productType = "com.apple.product-type.bundle.unit-test";
		};
		DD429F402543B593002F6DCA /* ParstagramUITests */ = {
			isa = PBXNativeTarget;
			buildConfigurationList = DD429F502543B593002F6DCA /* Build configuration list for PBXNativeTarget "ParstagramUITests" */;
			buildPhases = (
				DD429F3D2543B593002F6DCA /* Sources */,
				DD429F3E2543B593002F6DCA /* Frameworks */,
				DD429F3F2543B593002F6DCA /* Resources */,
			);
			buildRules = (
			);
			dependencies = (
				DD429F432543B593002F6DCA /* PBXTargetDependency */,
			);
			name = ParstagramUITests;
			productName = ParstagramUITests;
			productReference = DD429F412543B593002F6DCA /* ParstagramUITests.xctest */;
			productType = "com.apple.product-type.bundle.ui-testing";
		};
/* End PBXNativeTarget section */

/* Begin PBXProject section */
		DD429F182543B590002F6DCA /* Project object */ = {
			isa = PBXProject;
			attributes = {
				LastSwiftUpdateCheck = 1100;
				LastUpgradeCheck = 1100;
				ORGANIZATIONNAME = "Hanjing Zhu";
				TargetAttributes = {
					DD429F1F2543B590002F6DCA = {
						CreatedOnToolsVersion = 11.0;
					};
					DD429F352543B593002F6DCA = {
						CreatedOnToolsVersion = 11.0;
						TestTargetID = DD429F1F2543B590002F6DCA;
					};
					DD429F402543B593002F6DCA = {
						CreatedOnToolsVersion = 11.0;
						TestTargetID = DD429F1F2543B590002F6DCA;
					};
				};
			};
			buildConfigurationList = DD429F1B2543B590002F6DCA /* Build configuration list for PBXProject "Parstagram" */;
			compatibilityVersion = "Xcode 9.3";
			developmentRegion = en;
			hasScannedForEncodings = 0;
			knownRegions = (
				en,
				Base,
			);
			mainGroup = DD429F172543B590002F6DCA;
			productRefGroup = DD429F212543B590002F6DCA /* Products */;
			projectDirPath = "";
			projectRoot = "";
			targets = (
				DD429F1F2543B590002F6DCA /* Parstagram */,
				DD429F352543B593002F6DCA /* ParstagramTests */,
				DD429F402543B593002F6DCA /* ParstagramUITests */,
			);
		};
/* End PBXProject section */

/* Begin PBXResourcesBuildPhase section */
		DD429F1E2543B590002F6DCA /* Resources */ = {
			isa = PBXResourcesBuildPhase;
			buildActionMask = 2147483647;
			files = (
				DD429F302543B593002F6DCA /* LaunchScreen.storyboard in Resources */,
				DD429F2D2543B593002F6DCA /* Assets.xcassets in Resources */,
				DD429F2B2543B590002F6DCA /* Main.storyboard in Resources */,
			);
			runOnlyForDeploymentPostprocessing = 0;
		};
		DD429F342543B593002F6DCA /* Resources */ = {
			isa = PBXResourcesBuildPhase;
			buildActionMask = 2147483647;
			files = (
			);
			runOnlyForDeploymentPostprocessing = 0;
		};
		DD429F3F2543B593002F6DCA /* Resources */ = {
			isa = PBXResourcesBuildPhase;
			buildActionMask = 2147483647;
			files = (
			);
			runOnlyForDeploymentPostprocessing = 0;
		};
/* End PBXResourcesBuildPhase section */

/* Begin PBXSourcesBuildPhase section */
		DD429F1C2543B590002F6DCA /* Sources */ = {
			isa = PBXSourcesBuildPhase;
			buildActionMask = 2147483647;
			files = (
				DD429F282543B590002F6DCA /* ViewController.swift in Sources */,
				DD429F242543B590002F6DCA /* AppDelegate.swift in Sources */,
				DD429F262543B590002F6DCA /* SceneDelegate.swift in Sources */,
			);
			runOnlyForDeploymentPostprocessing = 0;
		};
		DD429F322543B593002F6DCA /* Sources */ = {
			isa = PBXSourcesBuildPhase;
			buildActionMask = 2147483647;
			files = (
				DD429F3B2543B593002F6DCA /* ParstagramTests.swift in Sources */,
			);
			runOnlyForDeploymentPostprocessing = 0;
		};
		DD429F3D2543B593002F6DCA /* Sources */ = {
			isa = PBXSourcesBuildPhase;
			buildActionMask = 2147483647;
			files = (
				DD429F462543B593002F6DCA /* ParstagramUITests.swift in Sources */,
			);
			runOnlyForDeploymentPostprocessing = 0;
		};
/* End PBXSourcesBuildPhase section */

/* Begin PBXTargetDependency section */
		DD429F382543B593002F6DCA /* PBXTargetDependency */ = {
			isa = PBXTargetDependency;
			target = DD429F1F2543B590002F6DCA /* Parstagram */;
			targetProxy = DD429F372543B593002F6DCA /* PBXContainerItemProxy */;
		};
		DD429F432543B593002F6DCA /* PBXTargetDependency */ = {
			isa = PBXTargetDependency;
			target = DD429F1F2543B590002F6DCA /* Parstagram */;
			targetProxy = DD429F422543B593002F6DCA /* PBXContainerItemProxy */;
		};
/* End PBXTargetDependency section */

/* Begin PBXVariantGroup section */
		DD429F292543B590002F6DCA /* Main.storyboard */ = {
			isa = PBXVariantGroup;
			children = (
				DD429F2A2543B590002F6DCA /* Base */,
			);
			name = Main.storyboard;
			sourceTree = "<group>";
		};
		DD429F2E2543B593002F6DCA /* LaunchScreen.storyboard */ = {
			isa = PBXVariantGroup;
			children = (
				DD429F2F2543B593002F6DCA /* Base */,
			);
			name = LaunchScreen.storyboard;
			sourceTree = "<group>";
		};
/* End PBXVariantGroup section */

/* Begin XCBuildConfiguration section */
		DD429F482543B593002F6DCA /* Debug */ = {
			isa = XCBuildConfiguration;
			buildSettings = {
				ALWAYS_SEARCH_USER_PATHS = NO;
				CLANG_ANALYZER_NONNULL = YES;
				CLANG_ANALYZER_NUMBER_OBJECT_CONVERSION = YES_AGGRESSIVE;
				CLANG_CXX_LANGUAGE_STANDARD = "gnu++14";
				CLANG_CXX_LIBRARY = "libc++";
				CLANG_ENABLE_MODULES = YES;
				CLANG_ENABLE_OBJC_ARC = YES;
				CLANG_ENABLE_OBJC_WEAK = YES;
				CLANG_WARN_BLOCK_CAPTURE_AUTORELEASING = YES;
				CLANG_WARN_BOOL_CONVERSION = YES;
				CLANG_WARN_COMMA = YES;
				CLANG_WARN_CONSTANT_CONVERSION = YES;
				CLANG_WARN_DEPRECATED_OBJC_IMPLEMENTATIONS = YES;
				CLANG_WARN_DIRECT_OBJC_ISA_USAGE = YES_ERROR;
				CLANG_WARN_DOCUMENTATION_COMMENTS = YES;
				CLANG_WARN_EMPTY_BODY = YES;
				CLANG_WARN_ENUM_CONVERSION = YES;
				CLANG_WARN_INFINITE_RECURSION = YES;
				CLANG_WARN_INT_CONVERSION = YES;
				CLANG_WARN_NON_LITERAL_NULL_CONVERSION = YES;
				CLANG_WARN_OBJC_IMPLICIT_RETAIN_SELF = YES;
				CLANG_WARN_OBJC_LITERAL_CONVERSION = YES;
				CLANG_WARN_OBJC_ROOT_CLASS = YES_ERROR;
				CLANG_WARN_RANGE_LOOP_ANALYSIS = YES;
				CLANG_WARN_STRICT_PROTOTYPES = YES;
				CLANG_WARN_SUSPICIOUS_MOVE = YES;
				CLANG_WARN_UNGUARDED_AVAILABILITY = YES_AGGRESSIVE;
				CLANG_WARN_UNREACHABLE_CODE = YES;
				CLANG_WARN__DUPLICATE_METHOD_MATCH = YES;
				COPY_PHASE_STRIP = NO;
				DEBUG_INFORMATION_FORMAT = dwarf;
				ENABLE_STRICT_OBJC_MSGSEND = YES;
				ENABLE_TESTABILITY = YES;
				GCC_C_LANGUAGE_STANDARD = gnu11;
				GCC_DYNAMIC_NO_PIC = NO;
				GCC_NO_COMMON_BLOCKS = YES;
				GCC_OPTIMIZATION_LEVEL = 0;
				GCC_PREPROCESSOR_DEFINITIONS = (
					"DEBUG=1",
					"$(inherited)",
				);
				GCC_WARN_64_TO_32_BIT_CONVERSION = YES;
				GCC_WARN_ABOUT_RETURN_TYPE = YES_ERROR;
				GCC_WARN_UNDECLARED_SELECTOR = YES;
				GCC_WARN_UNINITIALIZED_AUTOS = YES_AGGRESSIVE;
				GCC_WARN_UNUSED_FUNCTION = YES;
				GCC_WARN_UNUSED_VARIABLE = YES;
				IPHONEOS_DEPLOYMENT_TARGET = 13.0;
				MTL_ENABLE_DEBUG_INFO = INCLUDE_SOURCE;
				MTL_FAST_MATH = YES;
				ONLY_ACTIVE_ARCH = YES;
				SDKROOT = iphoneos;
				SWIFT_ACTIVE_COMPILATION_CONDITIONS = DEBUG;
				SWIFT_OPTIMIZATION_LEVEL = "-Onone";
			};
			name = Debug;
		};
		DD429F492543B593002F6DCA /* Release */ = {
			isa = XCBuildConfiguration;
			buildSettings = {
				ALWAYS_SEARCH_USER_PATHS = NO;
				CLANG_ANALYZER_NONNULL = YES;
				CLANG_ANALYZER_NUMBER_OBJECT_CONVERSION = YES_AGGRESSIVE;
				CLANG_CXX_LANGUAGE_STANDARD = "gnu++14";
				CLANG_CXX_LIBRARY = "libc++";
				CLANG_ENABLE_MODULES = YES;
				CLANG_ENABLE_OBJC_ARC = YES;
				CLANG_ENABLE_OBJC_WEAK = YES;
				CLANG_WARN_BLOCK_CAPTURE_AUTORELEASING = YES;
				CLANG_WARN_BOOL_CONVERSION = YES;
				CLANG_WARN_COMMA = YES;
				CLANG_WARN_CONSTANT_CONVERSION = YES;
				CLANG_WARN_DEPRECATED_OBJC_IMPLEMENTATIONS = YES;
				CLANG_WARN_DIRECT_OBJC_ISA_USAGE = YES_ERROR;
				CLANG_WARN_DOCUMENTATION_COMMENTS = YES;
				CLANG_WARN_EMPTY_BODY = YES;
				CLANG_WARN_ENUM_CONVERSION = YES;
				CLANG_WARN_INFINITE_RECURSION = YES;
				CLANG_WARN_INT_CONVERSION = YES;
				CLANG_WARN_NON_LITERAL_NULL_CONVERSION = YES;
				CLANG_WARN_OBJC_IMPLICIT_RETAIN_SELF = YES;
				CLANG_WARN_OBJC_LITERAL_CONVERSION = YES;
				CLANG_WARN_OBJC_ROOT_CLASS = YES_ERROR;
				CLANG_WARN_RANGE_LOOP_ANALYSIS = YES;
				CLANG_WARN_STRICT_PROTOTYPES = YES;
				CLANG_WARN_SUSPICIOUS_MOVE = YES;
				CLANG_WARN_UNGUARDED_AVAILABILITY = YES_AGGRESSIVE;
				CLANG_WARN_UNREACHABLE_CODE = YES;
				CLANG_WARN__DUPLICATE_METHOD_MATCH = YES;
				COPY_PHASE_STRIP = NO;
				DEBUG_INFORMATION_FORMAT = "dwarf-with-dsym";
				ENABLE_NS_ASSERTIONS = NO;
				ENABLE_STRICT_OBJC_MSGSEND = YES;
				GCC_C_LANGUAGE_STANDARD = gnu11;
				GCC_NO_COMMON_BLOCKS = YES;
				GCC_WARN_64_TO_32_BIT_CONVERSION = YES;
				GCC_WARN_ABOUT_RETURN_TYPE = YES_ERROR;
				GCC_WARN_UNDECLARED_SELECTOR = YES;
				GCC_WARN_UNINITIALIZED_AUTOS = YES_AGGRESSIVE;
				GCC_WARN_UNUSED_FUNCTION = YES;
				GCC_WARN_UNUSED_VARIABLE = YES;
				IPHONEOS_DEPLOYMENT_TARGET = 13.0;
				MTL_ENABLE_DEBUG_INFO = NO;
				MTL_FAST_MATH = YES;
				SDKROOT = iphoneos;
				SWIFT_COMPILATION_MODE = wholemodule;
				SWIFT_OPTIMIZATION_LEVEL = "-O";
				VALIDATE_PRODUCT = YES;
			};
			name = Release;
		};
		DD429F4B2543B593002F6DCA /* Debug */ = {
			isa = XCBuildConfiguration;
			buildSettings = {
				ASSETCATALOG_COMPILER_APPICON_NAME = AppIcon;
				CODE_SIGN_STYLE = Automatic;
				INFOPLIST_FILE = Parstagram/Info.plist;
				LD_RUNPATH_SEARCH_PATHS = (
					"$(inherited)",
					"@executable_path/Frameworks",
				);
				PRODUCT_BUNDLE_IDENTIFIER = com.sylvia.Parstagram;
				PRODUCT_NAME = "$(TARGET_NAME)";
				SWIFT_VERSION = 5.0;
				TARGETED_DEVICE_FAMILY = "1,2";
			};
			name = Debug;
		};
		DD429F4C2543B593002F6DCA /* Release */ = {
			isa = XCBuildConfiguration;
			buildSettings = {
				ASSETCATALOG_COMPILER_APPICON_NAME = AppIcon;
				CODE_SIGN_STYLE = Automatic;
				INFOPLIST_FILE = Parstagram/Info.plist;
				LD_RUNPATH_SEARCH_PATHS = (
					"$(inherited)",
					"@executable_path/Frameworks",
				);
				PRODUCT_BUNDLE_IDENTIFIER = com.sylvia.Parstagram;
				PRODUCT_NAME = "$(TARGET_NAME)";
				SWIFT_VERSION = 5.0;
				TARGETED_DEVICE_FAMILY = "1,2";
			};
			name = Release;
		};
		DD429F4E2543B593002F6DCA /* Debug */ = {
			isa = XCBuildConfiguration;
			buildSettings = {
				ALWAYS_EMBED_SWIFT_STANDARD_LIBRARIES = YES;
				BUNDLE_LOADER = "$(TEST_HOST)";
				CODE_SIGN_STYLE = Automatic;
				INFOPLIST_FILE = ParstagramTests/Info.plist;
				IPHONEOS_DEPLOYMENT_TARGET = 13.0;
				LD_RUNPATH_SEARCH_PATHS = (
					"$(inherited)",
					"@executable_path/Frameworks",
					"@loader_path/Frameworks",
				);
				PRODUCT_BUNDLE_IDENTIFIER = com.sylvia.ParstagramTests;
				PRODUCT_NAME = "$(TARGET_NAME)";
				SWIFT_VERSION = 5.0;
				TARGETED_DEVICE_FAMILY = "1,2";
				TEST_HOST = "$(BUILT_PRODUCTS_DIR)/Parstagram.app/Parstagram";
			};
			name = Debug;
		};
		DD429F4F2543B593002F6DCA /* Release */ = {
			isa = XCBuildConfiguration;
			buildSettings = {
				ALWAYS_EMBED_SWIFT_STANDARD_LIBRARIES = YES;
				BUNDLE_LOADER = "$(TEST_HOST)";
				CODE_SIGN_STYLE = Automatic;
				INFOPLIST_FILE = ParstagramTests/Info.plist;
				IPHONEOS_DEPLOYMENT_TARGET = 13.0;
				LD_RUNPATH_SEARCH_PATHS = (
					"$(inherited)",
					"@executable_path/Frameworks",
					"@loader_path/Frameworks",
				);
				PRODUCT_BUNDLE_IDENTIFIER = com.sylvia.ParstagramTests;
				PRODUCT_NAME = "$(TARGET_NAME)";
				SWIFT_VERSION = 5.0;
				TARGETED_DEVICE_FAMILY = "1,2";
				TEST_HOST = "$(BUILT_PRODUCTS_DIR)/Parstagram.app/Parstagram";
			};
			name = Release;
		};
		DD429F512543B593002F6DCA /* Debug */ = {
			isa = XCBuildConfiguration;
			buildSettings = {
				ALWAYS_EMBED_SWIFT_STANDARD_LIBRARIES = YES;
				CODE_SIGN_STYLE = Automatic;
				INFOPLIST_FILE = ParstagramUITests/Info.plist;
				LD_RUNPATH_SEARCH_PATHS = (
					"$(inherited)",
					"@executable_path/Frameworks",
					"@loader_path/Frameworks",
				);
				PRODUCT_BUNDLE_IDENTIFIER = com.sylvia.ParstagramUITests;
				PRODUCT_NAME = "$(TARGET_NAME)";
				SWIFT_VERSION = 5.0;
				TARGETED_DEVICE_FAMILY = "1,2";
				TEST_TARGET_NAME = Parstagram;
			};
			name = Debug;
		};
		DD429F522543B593002F6DCA /* Release */ = {
			isa = XCBuildConfiguration;
			buildSettings = {
				ALWAYS_EMBED_SWIFT_STANDARD_LIBRARIES = YES;
				CODE_SIGN_STYLE = Automatic;
				INFOPLIST_FILE = ParstagramUITests/Info.plist;
				LD_RUNPATH_SEARCH_PATHS = (
					"$(inherited)",
					"@executable_path/Frameworks",
					"@loader_path/Frameworks",
				);
				PRODUCT_BUNDLE_IDENTIFIER = com.sylvia.ParstagramUITests;
				PRODUCT_NAME = "$(TARGET_NAME)";
				SWIFT_VERSION = 5.0;
				TARGETED_DEVICE_FAMILY = "1,2";
				TEST_TARGET_NAME = Parstagram;
			};
			name = Release;
		};
/* End XCBuildConfiguration section */

/* Begin XCConfigurationList section */
		DD429F1B2543B590002F6DCA /* Build configuration list for PBXProject "Parstagram" */ = {
			isa = XCConfigurationList;
			buildConfigurations = (
				DD429F482543B593002F6DCA /* Debug */,
				DD429F492543B593002F6DCA /* Release */,
			);
			defaultConfigurationIsVisible = 0;
			defaultConfigurationName = Release;
		};
		DD429F4A2543B593002F6DCA /* Build configuration list for PBXNativeTarget "Parstagram" */ = {
			isa = XCConfigurationList;
			buildConfigurations = (
				DD429F4B2543B593002F6DCA /* Debug */,
				DD429F4C2543B593002F6DCA /* Release */,
			);
			defaultConfigurationIsVisible = 0;
			defaultConfigurationName = Release;
		};
		DD429F4D2543B593002F6DCA /* Build configuration list for PBXNativeTarget "ParstagramTests" */ = {
			isa = XCConfigurationList;
			buildConfigurations = (
				DD429F4E2543B593002F6DCA /* Debug */,
				DD429F4F2543B593002F6DCA /* Release */,
			);
			defaultConfigurationIsVisible = 0;
			defaultConfigurationName = Release;
		};
		DD429F502543B593002F6DCA /* Build configuration list for PBXNativeTarget "ParstagramUITests" */ = {
			isa = XCConfigurationList;
			buildConfigurations = (
				DD429F512543B593002F6DCA /* Debug */,
				DD429F522543B593002F6DCA /* Release */,
			);
			defaultConfigurationIsVisible = 0;
			defaultConfigurationName = Release;
		};
/* End XCConfigurationList section */
	};
	rootObject = DD429F182543B590002F6DCA /* Project object */;
}
