// !$*UTF8*$!
{
	archiveVersion = 1;
	classes = {
	};
	objectVersion = 51;
	objects = {

/* Begin PBXBuildFile section */
		0DAFCF7CC93C683790D9EAD5 /* Pods_Parstagram.framework in Frameworks */ = {isa = PBXBuildFile; fileRef = EF12831C9B4D9B2D3E581659 /* Pods_Parstagram.framework */; };
		A5056D23435100E911E14D07 /* Pods_ParstagramTests.framework in Frameworks */ = {isa = PBXBuildFile; fileRef = 79C8BD14AE9BECFBC2F72942 /* Pods_ParstagramTests.framework */; };
		DD429F242543B590002F6DCA /* AppDelegate.swift in Sources */ = {isa = PBXBuildFile; fileRef = DD429F232543B590002F6DCA /* AppDelegate.swift */; };
		DD429F262543B590002F6DCA /* SceneDelegate.swift in Sources */ = {isa = PBXBuildFile; fileRef = DD429F252543B590002F6DCA /* SceneDelegate.swift */; };
		DD429F2B2543B590002F6DCA /* Main.storyboard in Resources */ = {isa = PBXBuildFile; fileRef = DD429F292543B590002F6DCA /* Main.storyboard */; };
		DD429F2D2543B593002F6DCA /* Assets.xcassets in Resources */ = {isa = PBXBuildFile; fileRef = DD429F2C2543B593002F6DCA /* Assets.xcassets */; };
		DD429F302543B593002F6DCA /* LaunchScreen.storyboard in Resources */ = {isa = PBXBuildFile; fileRef = DD429F2E2543B593002F6DCA /* LaunchScreen.storyboard */; };
		DD429F3B2543B593002F6DCA /* ParstagramTests.swift in Sources */ = {isa = PBXBuildFile; fileRef = DD429F3A2543B593002F6DCA /* ParstagramTests.swift */; };
		DD429F462543B593002F6DCA /* ParstagramUITests.swift in Sources */ = {isa = PBXBuildFile; fileRef = DD429F452543B593002F6DCA /* ParstagramUITests.swift */; };
		DD429F542543B5EF002F6DCA /* LoginViewController.swift in Sources */ = {isa = PBXBuildFile; fileRef = DD429F532543B5EF002F6DCA /* LoginViewController.swift */; };
		DD429F582543B687002F6DCA /* FeedViewController.swift in Sources */ = {isa = PBXBuildFile; fileRef = DD429F572543B687002F6DCA /* FeedViewController.swift */; };
		DD429F5A2543C536002F6DCA /* CameraViewController.swift in Sources */ = {isa = PBXBuildFile; fileRef = DD429F592543C536002F6DCA /* CameraViewController.swift */; };
		DD429F5C2543D789002F6DCA /* PostCell.swift in Sources */ = {isa = PBXBuildFile; fileRef = DD429F5B2543D789002F6DCA /* PostCell.swift */; };
		EC2D626A86D02CC6F3A26DE7 /* Pods_Parstagram_ParstagramUITests.framework in Frameworks */ = {isa = PBXBuildFile; fileRef = 12F432E9DE543AEBBB21F9B8 /* Pods_Parstagram_ParstagramUITests.framework */; };
/* End PBXBuildFile section */

/* Begin PBXContainerItemProxy section */
		DD429F372543B593002F6DCA /* PBXContainerItemProxy */ = {
			isa = PBXContainerItemProxy;
			containerPortal = DD429F182543B590002F6DCA /* Project object */;
			proxyType = 1;
			remoteGlobalIDString = DD429F1F2543B590002F6DCA;
			remoteInfo = Parstagram;
		};
		DD429F422543B593002F6DCA /* PBXContainerItemProxy */ = {
			isa = PBXContainerItemProxy;
			containerPortal = DD429F182543B590002F6DCA /* Project object */;
			proxyType = 1;
			remoteGlobalIDString = DD429F1F2543B590002F6DCA;
			remoteInfo = Parstagram;
		};
/* End PBXContainerItemProxy section */

/* Begin PBXFileReference section */
		12F432E9DE543AEBBB21F9B8 /* Pods_Parstagram_ParstagramUITests.framework */ = {isa = PBXFileReference; explicitFileType = wrapper.framework; includeInIndex = 0; path = Pods_Parstagram_ParstagramUITests.framework; sourceTree = BUILT_PRODUCTS_DIR; };
		3358C4D411053E94CFAF6682 /* Pods-ParstagramTests.release.xcconfig */ = {isa = PBXFileReference; includeInIndex = 1; lastKnownFileType = text.xcconfig; name = "Pods-ParstagramTests.release.xcconfig"; path = "Target Support Files/Pods-ParstagramTests/Pods-ParstagramTests.release.xcconfig"; sourceTree = "<group>"; };
		364A27F48632DC35D30BA416 /* Pods-Parstagram.release.xcconfig */ = {isa = PBXFileReference; includeInIndex = 1; lastKnownFileType = text.xcconfig; name = "Pods-Parstagram.release.xcconfig"; path = "Target Support Files/Pods-Parstagram/Pods-Parstagram.release.xcconfig"; sourceTree = "<group>"; };
		3D7D6835FE7A8F5D3375E34E /* Pods-Parstagram.debug.xcconfig */ = {isa = PBXFileReference; includeInIndex = 1; lastKnownFileType = text.xcconfig; name = "Pods-Parstagram.debug.xcconfig"; path = "Target Support Files/Pods-Parstagram/Pods-Parstagram.debug.xcconfig"; sourceTree = "<group>"; };
		555592D7C1C1CC260942A8E8 /* Pods-ParstagramTests.debug.xcconfig */ = {isa = PBXFileReference; includeInIndex = 1; lastKnownFileType = text.xcconfig; name = "Pods-ParstagramTests.debug.xcconfig"; path = "Target Support Files/Pods-ParstagramTests/Pods-ParstagramTests.debug.xcconfig"; sourceTree = "<group>"; };
		6BB373532B79C0EDA5537364 /* Pods-Parstagram-ParstagramUITests.debug.xcconfig */ = {isa = PBXFileReference; includeInIndex = 1; lastKnownFileType = text.xcconfig; name = "Pods-Parstagram-ParstagramUITests.debug.xcconfig"; path = "Target Support Files/Pods-Parstagram-ParstagramUITests/Pods-Parstagram-ParstagramUITests.debug.xcconfig"; sourceTree = "<group>"; };
		79C8BD14AE9BECFBC2F72942 /* Pods_ParstagramTests.framework */ = {isa = PBXFileReference; explicitFileType = wrapper.framework; includeInIndex = 0; path = Pods_ParstagramTests.framework; sourceTree = BUILT_PRODUCTS_DIR; };
		B1361972FAE9EAB491A4362A /* Pods-Parstagram-ParstagramUITests.release.xcconfig */ = {isa = PBXFileReference; includeInIndex = 1; lastKnownFileType = text.xcconfig; name = "Pods-Parstagram-ParstagramUITests.release.xcconfig"; path = "Target Support Files/Pods-Parstagram-ParstagramUITests/Pods-Parstagram-ParstagramUITests.release.xcconfig"; sourceTree = "<group>"; };
		DD429F202543B590002F6DCA /* Parstagram.app */ = {isa = PBXFileReference; explicitFileType = wrapper.application; includeInIndex = 0; path = Parstagram.app; sourceTree = BUILT_PRODUCTS_DIR; };
		DD429F232543B590002F6DCA /* AppDelegate.swift */ = {isa = PBXFileReference; lastKnownFileType = sourcecode.swift; path = AppDelegate.swift; sourceTree = "<group>"; };
		DD429F252543B590002F6DCA /* SceneDelegate.swift */ = {isa = PBXFileReference; lastKnownFileType = sourcecode.swift; path = SceneDelegate.swift; sourceTree = "<group>"; };
		DD429F2A2543B590002F6DCA /* Base */ = {isa = PBXFileReference; lastKnownFileType = file.storyboard; name = Base; path = Base.lproj/Main.storyboard; sourceTree = "<group>"; };
		DD429F2C2543B593002F6DCA /* Assets.xcassets */ = {isa = PBXFileReference; lastKnownFileType = folder.assetcatalog; path = Assets.xcassets; sourceTree = "<group>"; };
		DD429F2F2543B593002F6DCA /* Base */ = {isa = PBXFileReference; lastKnownFileType = file.storyboard; name = Base; path = Base.lproj/LaunchScreen.storyboard; sourceTree = "<group>"; };
		DD429F312543B593002F6DCA /* Info.plist */ = {isa = PBXFileReference; lastKnownFileType = text.plist.xml; path = Info.plist; sourceTree = "<group>"; };
		DD429F362543B593002F6DCA /* ParstagramTests.xctest */ = {isa = PBXFileReference; explicitFileType = wrapper.cfbundle; includeInIndex = 0; path = ParstagramTests.xctest; sourceTree = BUILT_PRODUCTS_DIR; };
		DD429F3A2543B593002F6DCA /* ParstagramTests.swift */ = {isa = PBXFileReference; lastKnownFileType = sourcecode.swift; path = ParstagramTests.swift; sourceTree = "<group>"; };
		DD429F3C2543B593002F6DCA /* Info.plist */ = {isa = PBXFileReference; lastKnownFileType = text.plist.xml; path = Info.plist; sourceTree = "<group>"; };
		DD429F412543B593002F6DCA /* ParstagramUITests.xctest */ = {isa = PBXFileReference; explicitFileType = wrapper.cfbundle; includeInIndex = 0; path = ParstagramUITests.xctest; sourceTree = BUILT_PRODUCTS_DIR; };
		DD429F452543B593002F6DCA /* ParstagramUITests.swift */ = {isa = PBXFileReference; lastKnownFileType = sourcecode.swift; path = ParstagramUITests.swift; sourceTree = "<group>"; };
		DD429F472543B593002F6DCA /* Info.plist */ = {isa = PBXFileReference; lastKnownFileType = text.plist.xml; path = Info.plist; sourceTree = "<group>"; };
		DD429F532543B5EF002F6DCA /* LoginViewController.swift */ = {isa = PBXFileReference; lastKnownFileType = sourcecode.swift; path = LoginViewController.swift; sourceTree = "<group>"; };
		DD429F572543B687002F6DCA /* FeedViewController.swift */ = {isa = PBXFileReference; lastKnownFileType = sourcecode.swift; path = FeedViewController.swift; sourceTree = "<group>"; };
		DD429F592543C536002F6DCA /* CameraViewController.swift */ = {isa = PBXFileReference; lastKnownFileType = sourcecode.swift; path = CameraViewController.swift; sourceTree = "<group>"; };
		DD429F5B2543D789002F6DCA /* PostCell.swift */ = {isa = PBXFileReference; lastKnownFileType = sourcecode.swift; path = PostCell.swift; sourceTree = "<group>"; };
		EF12831C9B4D9B2D3E581659 /* Pods_Parstagram.framework */ = {isa = PBXFileReference; explicitFileType = wrapper.framework; includeInIndex = 0; path = Pods_Parstagram.framework; sourceTree = BUILT_PRODUCTS_DIR; };
/* End PBXFileReference section */

/* Begin PBXFrameworksBuildPhase section */
		DD429F1D2543B590002F6DCA /* Frameworks */ = {
			isa = PBXFrameworksBuildPhase;
			buildActionMask = 2147483647;
			files = (
				0DAFCF7CC93C683790D9EAD5 /* Pods_Parstagram.framework in Frameworks */,
			);
			runOnlyForDeploymentPostprocessing = 0;
		};
		DD429F332543B593002F6DCA /* Frameworks */ = {
			isa = PBXFrameworksBuildPhase;
			buildActionMask = 2147483647;
			files = (
				A5056D23435100E911E14D07 /* Pods_ParstagramTests.framework in Frameworks */,
			);
			runOnlyForDeploymentPostprocessing = 0;
		};
		DD429F3E2543B593002F6DCA /* Frameworks */ = {
			isa = PBXFrameworksBuildPhase;
			buildActionMask = 2147483647;
			files = (
				EC2D626A86D02CC6F3A26DE7 /* Pods_Parstagram_ParstagramUITests.framework in Frameworks */,
			);
			runOnlyForDeploymentPostprocessing = 0;
		};
/* End PBXFrameworksBuildPhase section */

/* Begin PBXGroup section */
		041A75FBC7295932F2CD029D /* Pods */ = {
			isa = PBXGroup;
			children = (
				3D7D6835FE7A8F5D3375E34E /* Pods-Parstagram.debug.xcconfig */,
				364A27F48632DC35D30BA416 /* Pods-Parstagram.release.xcconfig */,
				6BB373532B79C0EDA5537364 /* Pods-Parstagram-ParstagramUITests.debug.xcconfig */,
				B1361972FAE9EAB491A4362A /* Pods-Parstagram-ParstagramUITests.release.xcconfig */,
				555592D7C1C1CC260942A8E8 /* Pods-ParstagramTests.debug.xcconfig */,
				3358C4D411053E94CFAF6682 /* Pods-ParstagramTests.release.xcconfig */,
			);
			path = Pods;
			sourceTree = "<group>";
		};
		DD429F172543B590002F6DCA = {
			isa = PBXGroup;
			children = (
				DD429F222543B590002F6DCA /* Parstagram */,
				DD429F392543B593002F6DCA /* ParstagramTests */,
				DD429F442543B593002F6DCA /* ParstagramUITests */,
				DD429F212543B590002F6DCA /* Products */,
				041A75FBC7295932F2CD029D /* Pods */,
				FCC860EF02960BF6622CA0AC /* Frameworks */,
			);
			sourceTree = "<group>";
		};
		DD429F212543B590002F6DCA /* Products */ = {
			isa = PBXGroup;
			children = (
				DD429F202543B590002F6DCA /* Parstagram.app */,
				DD429F362543B593002F6DCA /* ParstagramTests.xctest */,
				DD429F412543B593002F6DCA /* ParstagramUITests.xctest */,
			);
			name = Products;
			sourceTree = "<group>";
		};
		DD429F222543B590002F6DCA /* Parstagram */ = {
			isa = PBXGroup;
			children = (
				DD429F232543B590002F6DCA /* AppDelegate.swift */,
				DD429F252543B590002F6DCA /* SceneDelegate.swift */,
				DD429F292543B590002F6DCA /* Main.storyboard */,
				DD429F2C2543B593002F6DCA /* Assets.xcassets */,
				DD429F2E2543B593002F6DCA /* LaunchScreen.storyboard */,
				DD429F312543B593002F6DCA /* Info.plist */,
				DD429F532543B5EF002F6DCA /* LoginViewController.swift */,
				DD429F572543B687002F6DCA /* FeedViewController.swift */,
				DD429F592543C536002F6DCA /* CameraViewController.swift */,
				DD429F5B2543D789002F6DCA /* PostCell.swift */,
			);
			path = Parstagram;
			sourceTree = "<group>";
		};
		DD429F392543B593002F6DCA /* ParstagramTests */ = {
			isa = PBXGroup;
			children = (
				DD429F3A2543B593002F6DCA /* ParstagramTests.swift */,
				DD429F3C2543B593002F6DCA /* Info.plist */,
			);
			path = ParstagramTests;
			sourceTree = "<group>";
		};
		DD429F442543B593002F6DCA /* ParstagramUITests */ = {
			isa = PBXGroup;
			children = (
				DD429F452543B593002F6DCA /* ParstagramUITests.swift */,
				DD429F472543B593002F6DCA /* Info.plist */,
			);
			path = ParstagramUITests;
			sourceTree = "<group>";
		};
		FCC860EF02960BF6622CA0AC /* Frameworks */ = {
			isa = PBXGroup;
			children = (
				EF12831C9B4D9B2D3E581659 /* Pods_Parstagram.framework */,
				12F432E9DE543AEBBB21F9B8 /* Pods_Parstagram_ParstagramUITests.framework */,
				79C8BD14AE9BECFBC2F72942 /* Pods_ParstagramTests.framework */,
			);
			name = Frameworks;
			sourceTree = "<group>";
		};
/* End PBXGroup section */

/* Begin PBXNativeTarget section */
		DD429F1F2543B590002F6DCA /* Parstagram */ = {
			isa = PBXNativeTarget;
			buildConfigurationList = DD429F4A2543B593002F6DCA /* Build configuration list for PBXNativeTarget "Parstagram" */;
			buildPhases = (
				83A94631A69D60F2AFDC3EE2 /* [CP] Check Pods Manifest.lock */,
				DD429F1C2543B590002F6DCA /* Sources */,
				DD429F1D2543B590002F6DCA /* Frameworks */,
				DD429F1E2543B590002F6DCA /* Resources */,
				00A373D9589913B04C9DBC50 /* [CP] Embed Pods Frameworks */,
			);
			buildRules = (
			);
			dependencies = (
			);
			name = Parstagram;
			productName = Parstagram;
			productReference = DD429F202543B590002F6DCA /* Parstagram.app */;
			productType = "com.apple.product-type.application";
		};
		DD429F352543B593002F6DCA /* ParstagramTests */ = {
			isa = PBXNativeTarget;
			buildConfigurationList = DD429F4D2543B593002F6DCA /* Build configuration list for PBXNativeTarget "ParstagramTests" */;
			buildPhases = (
				192C35804B3B05EB8D6D533E /* [CP] Check Pods Manifest.lock */,
				DD429F322543B593002F6DCA /* Sources */,
				DD429F332543B593002F6DCA /* Frameworks */,
				DD429F342543B593002F6DCA /* Resources */,
			);
			buildRules = (
			);
			dependencies = (
				DD429F382543B593002F6DCA /* PBXTargetDependency */,
			);
			name = ParstagramTests;
			productName = ParstagramTests;
			productReference = DD429F362543B593002F6DCA /* ParstagramTests.xctest */;
			productType = "com.apple.product-type.bundle.unit-test";
		};
		DD429F402543B593002F6DCA /* ParstagramUITests */ = {
			isa = PBXNativeTarget;
			buildConfigurationList = DD429F502543B593002F6DCA /* Build configuration list for PBXNativeTarget "ParstagramUITests" */;
			buildPhases = (
				DD9A15AA07D17F89AA9D3DAE /* [CP] Check Pods Manifest.lock */,
				DD429F3D2543B593002F6DCA /* Sources */,
				DD429F3E2543B593002F6DCA /* Frameworks */,
				DD429F3F2543B593002F6DCA /* Resources */,
				EB9353BD6568AD2150280783 /* [CP] Embed Pods Frameworks */,
			);
			buildRules = (
			);
			dependencies = (
				DD429F432543B593002F6DCA /* PBXTargetDependency */,
			);
			name = ParstagramUITests;
			productName = ParstagramUITests;
			productReference = DD429F412543B593002F6DCA /* ParstagramUITests.xctest */;
			productType = "com.apple.product-type.bundle.ui-testing";
		};
/* End PBXNativeTarget section */

/* Begin PBXProject section */
		DD429F182543B590002F6DCA /* Project object */ = {
			isa = PBXProject;
			attributes = {
				LastSwiftUpdateCheck = 1100;
				LastUpgradeCheck = 1100;
				ORGANIZATIONNAME = "Hanjing Zhu";
				TargetAttributes = {
					DD429F1F2543B590002F6DCA = {
						CreatedOnToolsVersion = 11.0;
					};
					DD429F352543B593002F6DCA = {
						CreatedOnToolsVersion = 11.0;
						TestTargetID = DD429F1F2543B590002F6DCA;
					};
					DD429F402543B593002F6DCA = {
						CreatedOnToolsVersion = 11.0;
						TestTargetID = DD429F1F2543B590002F6DCA;
					};
				};
			};
			buildConfigurationList = DD429F1B2543B590002F6DCA /* Build configuration list for PBXProject "Parstagram" */;
			compatibilityVersion = "Xcode 9.3";
			developmentRegion = en;
			hasScannedForEncodings = 0;
			knownRegions = (
				en,
				Base,
			);
			mainGroup = DD429F172543B590002F6DCA;
			productRefGroup = DD429F212543B590002F6DCA /* Products */;
			projectDirPath = "";
			projectRoot = "";
			targets = (
				DD429F1F2543B590002F6DCA /* Parstagram */,
				DD429F352543B593002F6DCA /* ParstagramTests */,
				DD429F402543B593002F6DCA /* ParstagramUITests */,
			);
		};
/* End PBXProject section */

/* Begin PBXResourcesBuildPhase section */
		DD429F1E2543B590002F6DCA /* Resources */ = {
			isa = PBXResourcesBuildPhase;
			buildActionMask = 2147483647;
			files = (
				DD429F302543B593002F6DCA /* LaunchScreen.storyboard in Resources */,
				DD429F2D2543B593002F6DCA /* Assets.xcassets in Resources */,
				DD429F2B2543B590002F6DCA /* Main.storyboard in Resources */,
			);
			runOnlyForDeploymentPostprocessing = 0;
		};
		DD429F342543B593002F6DCA /* Resources */ = {
			isa = PBXResourcesBuildPhase;
			buildActionMask = 2147483647;
			files = (
			);
			runOnlyForDeploymentPostprocessing = 0;
		};
		DD429F3F2543B593002F6DCA /* Resources */ = {
			isa = PBXResourcesBuildPhase;
			buildActionMask = 2147483647;
			files = (
			);
			runOnlyForDeploymentPostprocessing = 0;
		};
/* End PBXResourcesBuildPhase section */

/* Begin PBXShellScriptBuildPhase section */
		00A373D9589913B04C9DBC50 /* [CP] Embed Pods Frameworks */ = {
			isa = PBXShellScriptBuildPhase;
			buildActionMask = 2147483647;
			files = (
			);
			inputFileListPaths = (
				"${PODS_ROOT}/Target Support Files/Pods-Parstagram/Pods-Parstagram-frameworks-${CONFIGURATION}-input-files.xcfilelist",
			);
			name = "[CP] Embed Pods Frameworks";
			outputFileListPaths = (
				"${PODS_ROOT}/Target Support Files/Pods-Parstagram/Pods-Parstagram-frameworks-${CONFIGURATION}-output-files.xcfilelist",
			);
			runOnlyForDeploymentPostprocessing = 0;
			shellPath = /bin/sh;
			shellScript = "\"${PODS_ROOT}/Target Support Files/Pods-Parstagram/Pods-Parstagram-frameworks.sh\"\n";
			showEnvVarsInLog = 0;
		};
		192C35804B3B05EB8D6D533E /* [CP] Check Pods Manifest.lock */ = {
			isa = PBXShellScriptBuildPhase;
			buildActionMask = 2147483647;
			files = (
			);
			inputFileListPaths = (
			);
			inputPaths = (
				"${PODS_PODFILE_DIR_PATH}/Podfile.lock",
				"${PODS_ROOT}/Manifest.lock",
			);
			name = "[CP] Check Pods Manifest.lock";
			outputFileListPaths = (
			);
			outputPaths = (
				"$(DERIVED_FILE_DIR)/Pods-ParstagramTests-checkManifestLockResult.txt",
			);
			runOnlyForDeploymentPostprocessing = 0;
			shellPath = /bin/sh;
			shellScript = "diff \"${PODS_PODFILE_DIR_PATH}/Podfile.lock\" \"${PODS_ROOT}/Manifest.lock\" > /dev/null\nif [ $? != 0 ] ; then\n    # print error to STDERR\n    echo \"error: The sandbox is not in sync with the Podfile.lock. Run 'pod install' or update your CocoaPods installation.\" >&2\n    exit 1\nfi\n# This output is used by Xcode 'outputs' to avoid re-running this script phase.\necho \"SUCCESS\" > \"${SCRIPT_OUTPUT_FILE_0}\"\n";
			showEnvVarsInLog = 0;
		};
		83A94631A69D60F2AFDC3EE2 /* [CP] Check Pods Manifest.lock */ = {
			isa = PBXShellScriptBuildPhase;
			buildActionMask = 2147483647;
			files = (
			);
			inputFileListPaths = (
			);
			inputPaths = (
				"${PODS_PODFILE_DIR_PATH}/Podfile.lock",
				"${PODS_ROOT}/Manifest.lock",
			);
			name = "[CP] Check Pods Manifest.lock";
			outputFileListPaths = (
			);
			outputPaths = (
				"$(DERIVED_FILE_DIR)/Pods-Parstagram-checkManifestLockResult.txt",
			);
			runOnlyForDeploymentPostprocessing = 0;
			shellPath = /bin/sh;
			shellScript = "diff \"${PODS_PODFILE_DIR_PATH}/Podfile.lock\" \"${PODS_ROOT}/Manifest.lock\" > /dev/null\nif [ $? != 0 ] ; then\n    # print error to STDERR\n    echo \"error: The sandbox is not in sync with the Podfile.lock. Run 'pod install' or update your CocoaPods installation.\" >&2\n    exit 1\nfi\n# This output is used by Xcode 'outputs' to avoid re-running this script phase.\necho \"SUCCESS\" > \"${SCRIPT_OUTPUT_FILE_0}\"\n";
			showEnvVarsInLog = 0;
		};
		DD9A15AA07D17F89AA9D3DAE /* [CP] Check Pods Manifest.lock */ = {
			isa = PBXShellScriptBuildPhase;
			buildActionMask = 2147483647;
			files = (
			);
			inputFileListPaths = (
			);
			inputPaths = (
				"${PODS_PODFILE_DIR_PATH}/Podfile.lock",
				"${PODS_ROOT}/Manifest.lock",
			);
			name = "[CP] Check Pods Manifest.lock";
			outputFileListPaths = (
			);
			outputPaths = (
				"$(DERIVED_FILE_DIR)/Pods-Parstagram-ParstagramUITests-checkManifestLockResult.txt",
			);
			runOnlyForDeploymentPostprocessing = 0;
			shellPath = /bin/sh;
			shellScript = "diff \"${PODS_PODFILE_DIR_PATH}/Podfile.lock\" \"${PODS_ROOT}/Manifest.lock\" > /dev/null\nif [ $? != 0 ] ; then\n    # print error to STDERR\n    echo \"error: The sandbox is not in sync with the Podfile.lock. Run 'pod install' or update your CocoaPods installation.\" >&2\n    exit 1\nfi\n# This output is used by Xcode 'outputs' to avoid re-running this script phase.\necho \"SUCCESS\" > \"${SCRIPT_OUTPUT_FILE_0}\"\n";
			showEnvVarsInLog = 0;
		};
		EB9353BD6568AD2150280783 /* [CP] Embed Pods Frameworks */ = {
			isa = PBXShellScriptBuildPhase;
			buildActionMask = 2147483647;
			files = (
			);
			inputFileListPaths = (
				"${PODS_ROOT}/Target Support Files/Pods-Parstagram-ParstagramUITests/Pods-Parstagram-ParstagramUITests-frameworks-${CONFIGURATION}-input-files.xcfilelist",
			);
			name = "[CP] Embed Pods Frameworks";
			outputFileListPaths = (
				"${PODS_ROOT}/Target Support Files/Pods-Parstagram-ParstagramUITests/Pods-Parstagram-ParstagramUITests-frameworks-${CONFIGURATION}-output-files.xcfilelist",
			);
			runOnlyForDeploymentPostprocessing = 0;
			shellPath = /bin/sh;
			shellScript = "\"${PODS_ROOT}/Target Support Files/Pods-Parstagram-ParstagramUITests/Pods-Parstagram-ParstagramUITests-frameworks.sh\"\n";
			showEnvVarsInLog = 0;
		};
/* End PBXShellScriptBuildPhase section */

/* Begin PBXSourcesBuildPhase section */
		DD429F1C2543B590002F6DCA /* Sources */ = {
			isa = PBXSourcesBuildPhase;
			buildActionMask = 2147483647;
			files = (
				DD429F542543B5EF002F6DCA /* LoginViewController.swift in Sources */,
				DD429F5A2543C536002F6DCA /* CameraViewController.swift in Sources */,
				DD429F242543B590002F6DCA /* AppDelegate.swift in Sources */,
				DD429F582543B687002F6DCA /* FeedViewController.swift in Sources */,
				DD429F262543B590002F6DCA /* SceneDelegate.swift in Sources */,
				DD429F5C2543D789002F6DCA /* PostCell.swift in Sources */,
			);
			runOnlyForDeploymentPostprocessing = 0;
		};
		DD429F322543B593002F6DCA /* Sources */ = {
			isa = PBXSourcesBuildPhase;
			buildActionMask = 2147483647;
			files = (
				DD429F3B2543B593002F6DCA /* ParstagramTests.swift in Sources */,
			);
			runOnlyForDeploymentPostprocessing = 0;
		};
		DD429F3D2543B593002F6DCA /* Sources */ = {
			isa = PBXSourcesBuildPhase;
			buildActionMask = 2147483647;
			files = (
				DD429F462543B593002F6DCA /* ParstagramUITests.swift in Sources */,
			);
			runOnlyForDeploymentPostprocessing = 0;
		};
/* End PBXSourcesBuildPhase section */

/* Begin PBXTargetDependency section */
		DD429F382543B593002F6DCA /* PBXTargetDependency */ = {
			isa = PBXTargetDependency;
			target = DD429F1F2543B590002F6DCA /* Parstagram */;
			targetProxy = DD429F372543B593002F6DCA /* PBXContainerItemProxy */;
		};
		DD429F432543B593002F6DCA /* PBXTargetDependency */ = {
			isa = PBXTargetDependency;
			target = DD429F1F2543B590002F6DCA /* Parstagram */;
			targetProxy = DD429F422543B593002F6DCA /* PBXContainerItemProxy */;
		};
/* End PBXTargetDependency section */

/* Begin PBXVariantGroup section */
		DD429F292543B590002F6DCA /* Main.storyboard */ = {
			isa = PBXVariantGroup;
			children = (
				DD429F2A2543B590002F6DCA /* Base */,
			);
			name = Main.storyboard;
			sourceTree = "<group>";
		};
		DD429F2E2543B593002F6DCA /* LaunchScreen.storyboard */ = {
			isa = PBXVariantGroup;
			children = (
				DD429F2F2543B593002F6DCA /* Base */,
			);
			name = LaunchScreen.storyboard;
			sourceTree = "<group>";
		};
/* End PBXVariantGroup section */

/* Begin XCBuildConfiguration section */
		DD429F482543B593002F6DCA /* Debug */ = {
			isa = XCBuildConfiguration;
			buildSettings = {
				ALWAYS_SEARCH_USER_PATHS = NO;
				CLANG_ANALYZER_NONNULL = YES;
				CLANG_ANALYZER_NUMBER_OBJECT_CONVERSION = YES_AGGRESSIVE;
				CLANG_CXX_LANGUAGE_STANDARD = "gnu++14";
				CLANG_CXX_LIBRARY = "libc++";
				CLANG_ENABLE_MODULES = YES;
				CLANG_ENABLE_OBJC_ARC = YES;
				CLANG_ENABLE_OBJC_WEAK = YES;
				CLANG_WARN_BLOCK_CAPTURE_AUTORELEASING = YES;
				CLANG_WARN_BOOL_CONVERSION = YES;
				CLANG_WARN_COMMA = YES;
				CLANG_WARN_CONSTANT_CONVERSION = YES;
				CLANG_WARN_DEPRECATED_OBJC_IMPLEMENTATIONS = YES;
				CLANG_WARN_DIRECT_OBJC_ISA_USAGE = YES_ERROR;
				CLANG_WARN_DOCUMENTATION_COMMENTS = YES;
				CLANG_WARN_EMPTY_BODY = YES;
				CLANG_WARN_ENUM_CONVERSION = YES;
				CLANG_WARN_INFINITE_RECURSION = YES;
				CLANG_WARN_INT_CONVERSION = YES;
				CLANG_WARN_NON_LITERAL_NULL_CONVERSION = YES;
				CLANG_WARN_OBJC_IMPLICIT_RETAIN_SELF = YES;
				CLANG_WARN_OBJC_LITERAL_CONVERSION = YES;
				CLANG_WARN_OBJC_ROOT_CLASS = YES_ERROR;
				CLANG_WARN_RANGE_LOOP_ANALYSIS = YES;
				CLANG_WARN_STRICT_PROTOTYPES = YES;
				CLANG_WARN_SUSPICIOUS_MOVE = YES;
				CLANG_WARN_UNGUARDED_AVAILABILITY = YES_AGGRESSIVE;
				CLANG_WARN_UNREACHABLE_CODE = YES;
				CLANG_WARN__DUPLICATE_METHOD_MATCH = YES;
				COPY_PHASE_STRIP = NO;
				DEBUG_INFORMATION_FORMAT = dwarf;
				ENABLE_STRICT_OBJC_MSGSEND = YES;
				ENABLE_TESTABILITY = YES;
				GCC_C_LANGUAGE_STANDARD = gnu11;
				GCC_DYNAMIC_NO_PIC = NO;
				GCC_NO_COMMON_BLOCKS = YES;
				GCC_OPTIMIZATION_LEVEL = 0;
				GCC_PREPROCESSOR_DEFINITIONS = (
					"DEBUG=1",
					"$(inherited)",
				);
				GCC_WARN_64_TO_32_BIT_CONVERSION = YES;
				GCC_WARN_ABOUT_RETURN_TYPE = YES_ERROR;
				GCC_WARN_UNDECLARED_SELECTOR = YES;
				GCC_WARN_UNINITIALIZED_AUTOS = YES_AGGRESSIVE;
				GCC_WARN_UNUSED_FUNCTION = YES;
				GCC_WARN_UNUSED_VARIABLE = YES;
				IPHONEOS_DEPLOYMENT_TARGET = 13.0;
				MTL_ENABLE_DEBUG_INFO = INCLUDE_SOURCE;
				MTL_FAST_MATH = YES;
				ONLY_ACTIVE_ARCH = YES;
				SDKROOT = iphoneos;
				SWIFT_ACTIVE_COMPILATION_CONDITIONS = DEBUG;
				SWIFT_OPTIMIZATION_LEVEL = "-Onone";
			};
			name = Debug;
		};
		DD429F492543B593002F6DCA /* Release */ = {
			isa = XCBuildConfiguration;
			buildSettings = {
				ALWAYS_SEARCH_USER_PATHS = NO;
				CLANG_ANALYZER_NONNULL = YES;
				CLANG_ANALYZER_NUMBER_OBJECT_CONVERSION = YES_AGGRESSIVE;
				CLANG_CXX_LANGUAGE_STANDARD = "gnu++14";
				CLANG_CXX_LIBRARY = "libc++";
				CLANG_ENABLE_MODULES = YES;
				CLANG_ENABLE_OBJC_ARC = YES;
				CLANG_ENABLE_OBJC_WEAK = YES;
				CLANG_WARN_BLOCK_CAPTURE_AUTORELEASING = YES;
				CLANG_WARN_BOOL_CONVERSION = YES;
				CLANG_WARN_COMMA = YES;
				CLANG_WARN_CONSTANT_CONVERSION = YES;
				CLANG_WARN_DEPRECATED_OBJC_IMPLEMENTATIONS = YES;
				CLANG_WARN_DIRECT_OBJC_ISA_USAGE = YES_ERROR;
				CLANG_WARN_DOCUMENTATION_COMMENTS = YES;
				CLANG_WARN_EMPTY_BODY = YES;
				CLANG_WARN_ENUM_CONVERSION = YES;
				CLANG_WARN_INFINITE_RECURSION = YES;
				CLANG_WARN_INT_CONVERSION = YES;
				CLANG_WARN_NON_LITERAL_NULL_CONVERSION = YES;
				CLANG_WARN_OBJC_IMPLICIT_RETAIN_SELF = YES;
				CLANG_WARN_OBJC_LITERAL_CONVERSION = YES;
				CLANG_WARN_OBJC_ROOT_CLASS = YES_ERROR;
				CLANG_WARN_RANGE_LOOP_ANALYSIS = YES;
				CLANG_WARN_STRICT_PROTOTYPES = YES;
				CLANG_WARN_SUSPICIOUS_MOVE = YES;
				CLANG_WARN_UNGUARDED_AVAILABILITY = YES_AGGRESSIVE;
				CLANG_WARN_UNREACHABLE_CODE = YES;
				CLANG_WARN__DUPLICATE_METHOD_MATCH = YES;
				COPY_PHASE_STRIP = NO;
				DEBUG_INFORMATION_FORMAT = "dwarf-with-dsym";
				ENABLE_NS_ASSERTIONS = NO;
				ENABLE_STRICT_OBJC_MSGSEND = YES;
				GCC_C_LANGUAGE_STANDARD = gnu11;
				GCC_NO_COMMON_BLOCKS = YES;
				GCC_WARN_64_TO_32_BIT_CONVERSION = YES;
				GCC_WARN_ABOUT_RETURN_TYPE = YES_ERROR;
				GCC_WARN_UNDECLARED_SELECTOR = YES;
				GCC_WARN_UNINITIALIZED_AUTOS = YES_AGGRESSIVE;
				GCC_WARN_UNUSED_FUNCTION = YES;
				GCC_WARN_UNUSED_VARIABLE = YES;
				IPHONEOS_DEPLOYMENT_TARGET = 13.0;
				MTL_ENABLE_DEBUG_INFO = NO;
				MTL_FAST_MATH = YES;
				SDKROOT = iphoneos;
				SWIFT_COMPILATION_MODE = wholemodule;
				SWIFT_OPTIMIZATION_LEVEL = "-O";
				VALIDATE_PRODUCT = YES;
			};
			name = Release;
		};
		DD429F4B2543B593002F6DCA /* Debug */ = {
			isa = XCBuildConfiguration;
			baseConfigurationReference = 3D7D6835FE7A8F5D3375E34E /* Pods-Parstagram.debug.xcconfig */;
			buildSettings = {
				ASSETCATALOG_COMPILER_APPICON_NAME = AppIcon;
				CODE_SIGN_STYLE = Automatic;
				INFOPLIST_FILE = Parstagram/Info.plist;
				LD_RUNPATH_SEARCH_PATHS = (
					"$(inherited)",
					"@executable_path/Frameworks",
				);
				PRODUCT_BUNDLE_IDENTIFIER = com.sylvia.Parstagram;
				PRODUCT_NAME = "$(TARGET_NAME)";
				SWIFT_VERSION = 5.0;
				TARGETED_DEVICE_FAMILY = "1,2";
			};
			name = Debug;
		};
		DD429F4C2543B593002F6DCA /* Release */ = {
			isa = XCBuildConfiguration;
			baseConfigurationReference = 364A27F48632DC35D30BA416 /* Pods-Parstagram.release.xcconfig */;
			buildSettings = {
				ASSETCATALOG_COMPILER_APPICON_NAME = AppIcon;
				CODE_SIGN_STYLE = Automatic;
				INFOPLIST_FILE = Parstagram/Info.plist;
				LD_RUNPATH_SEARCH_PATHS = (
					"$(inherited)",
					"@executable_path/Frameworks",
				);
				PRODUCT_BUNDLE_IDENTIFIER = com.sylvia.Parstagram;
				PRODUCT_NAME = "$(TARGET_NAME)";
				SWIFT_VERSION = 5.0;
				TARGETED_DEVICE_FAMILY = "1,2";
			};
			name = Release;
		};
		DD429F4E2543B593002F6DCA /* Debug */ = {
			isa = XCBuildConfiguration;
			baseConfigurationReference = 555592D7C1C1CC260942A8E8 /* Pods-ParstagramTests.debug.xcconfig */;
			buildSettings = {
				ALWAYS_EMBED_SWIFT_STANDARD_LIBRARIES = YES;
				BUNDLE_LOADER = "$(TEST_HOST)";
				CODE_SIGN_STYLE = Automatic;
				INFOPLIST_FILE = ParstagramTests/Info.plist;
				IPHONEOS_DEPLOYMENT_TARGET = 13.0;
				LD_RUNPATH_SEARCH_PATHS = (
					"$(inherited)",
					"@executable_path/Frameworks",
					"@loader_path/Frameworks",
				);
				PRODUCT_BUNDLE_IDENTIFIER = com.sylvia.ParstagramTests;
				PRODUCT_NAME = "$(TARGET_NAME)";
				SWIFT_VERSION = 5.0;
				TARGETED_DEVICE_FAMILY = "1,2";
				TEST_HOST = "$(BUILT_PRODUCTS_DIR)/Parstagram.app/Parstagram";
			};
			name = Debug;
		};
		DD429F4F2543B593002F6DCA /* Release */ = {
			isa = XCBuildConfiguration;
			baseConfigurationReference = 3358C4D411053E94CFAF6682 /* Pods-ParstagramTests.release.xcconfig */;
			buildSettings = {
				ALWAYS_EMBED_SWIFT_STANDARD_LIBRARIES = YES;
				BUNDLE_LOADER = "$(TEST_HOST)";
				CODE_SIGN_STYLE = Automatic;
				INFOPLIST_FILE = ParstagramTests/Info.plist;
				IPHONEOS_DEPLOYMENT_TARGET = 13.0;
				LD_RUNPATH_SEARCH_PATHS = (
					"$(inherited)",
					"@executable_path/Frameworks",
					"@loader_path/Frameworks",
				);
				PRODUCT_BUNDLE_IDENTIFIER = com.sylvia.ParstagramTests;
				PRODUCT_NAME = "$(TARGET_NAME)";
				SWIFT_VERSION = 5.0;
				TARGETED_DEVICE_FAMILY = "1,2";
				TEST_HOST = "$(BUILT_PRODUCTS_DIR)/Parstagram.app/Parstagram";
			};
			name = Release;
		};
		DD429F512543B593002F6DCA /* Debug */ = {
			isa = XCBuildConfiguration;
			baseConfigurationReference = 6BB373532B79C0EDA5537364 /* Pods-Parstagram-ParstagramUITests.debug.xcconfig */;
			buildSettings = {
				ALWAYS_EMBED_SWIFT_STANDARD_LIBRARIES = YES;
				CODE_SIGN_STYLE = Automatic;
				INFOPLIST_FILE = ParstagramUITests/Info.plist;
				LD_RUNPATH_SEARCH_PATHS = (
					"$(inherited)",
					"@executable_path/Frameworks",
					"@loader_path/Frameworks",
				);
				PRODUCT_BUNDLE_IDENTIFIER = com.sylvia.ParstagramUITests;
				PRODUCT_NAME = "$(TARGET_NAME)";
				SWIFT_VERSION = 5.0;
				TARGETED_DEVICE_FAMILY = "1,2";
				TEST_TARGET_NAME = Parstagram;
			};
			name = Debug;
		};
		DD429F522543B593002F6DCA /* Release */ = {
			isa = XCBuildConfiguration;
			baseConfigurationReference = B1361972FAE9EAB491A4362A /* Pods-Parstagram-ParstagramUITests.release.xcconfig */;
			buildSettings = {
				ALWAYS_EMBED_SWIFT_STANDARD_LIBRARIES = YES;
				CODE_SIGN_STYLE = Automatic;
				INFOPLIST_FILE = ParstagramUITests/Info.plist;
				LD_RUNPATH_SEARCH_PATHS = (
					"$(inherited)",
					"@executable_path/Frameworks",
					"@loader_path/Frameworks",
				);
				PRODUCT_BUNDLE_IDENTIFIER = com.sylvia.ParstagramUITests;
				PRODUCT_NAME = "$(TARGET_NAME)";
				SWIFT_VERSION = 5.0;
				TARGETED_DEVICE_FAMILY = "1,2";
				TEST_TARGET_NAME = Parstagram;
			};
			name = Release;
		};
/* End XCBuildConfiguration section */

/* Begin XCConfigurationList section */
		DD429F1B2543B590002F6DCA /* Build configuration list for PBXProject "Parstagram" */ = {
			isa = XCConfigurationList;
			buildConfigurations = (
				DD429F482543B593002F6DCA /* Debug */,
				DD429F492543B593002F6DCA /* Release */,
			);
			defaultConfigurationIsVisible = 0;
			defaultConfigurationName = Release;
		};
		DD429F4A2543B593002F6DCA /* Build configuration list for PBXNativeTarget "Parstagram" */ = {
			isa = XCConfigurationList;
			buildConfigurations = (
				DD429F4B2543B593002F6DCA /* Debug */,
				DD429F4C2543B593002F6DCA /* Release */,
			);
			defaultConfigurationIsVisible = 0;
			defaultConfigurationName = Release;
		};
		DD429F4D2543B593002F6DCA /* Build configuration list for PBXNativeTarget "ParstagramTests" */ = {
			isa = XCConfigurationList;
			buildConfigurations = (
				DD429F4E2543B593002F6DCA /* Debug */,
				DD429F4F2543B593002F6DCA /* Release */,
			);
			defaultConfigurationIsVisible = 0;
			defaultConfigurationName = Release;
		};
		DD429F502543B593002F6DCA /* Build configuration list for PBXNativeTarget "ParstagramUITests" */ = {
			isa = XCConfigurationList;
			buildConfigurations = (
				DD429F512543B593002F6DCA /* Debug */,
				DD429F522543B593002F6DCA /* Release */,
			);
			defaultConfigurationIsVisible = 0;
			defaultConfigurationName = Release;
		};
/* End XCConfigurationList section */
	};
	rootObject = DD429F182543B590002F6DCA /* Project object */;
}
